
Microsoft Visual Studio Solution File, Format Version 12.00
# Visual Studio Version 17
VisualStudioVersion = 17.6.33815.320
MinimumVisualStudioVersion = 10.0.40219.1
Project("{2150E333-8FDC-42A3-9474-1A3956D46DE8}") = "Engine", "Engine", "{A88F3624-5A56-427A-9782-47DDFAFAF67A}"
EndProject
Project("{2150E333-8FDC-42A3-9474-1A3956D46DE8}") = "Game", "Game", "{4946A528-9B96-406D-86D6-FFB08CD2497A}"
EndProject
Project("{8BC9CEB8-8B4A-11D0-8D11-00A0C91BC942}") = "Audio", "Source\Engine\Audio\Audio.vcxproj", "{6EC2E46D-3735-4F80-8E93-85A9E6B8B222}"
EndProject
Project("{8BC9CEB8-8B4A-11D0-8D11-00A0C91BC942}") = "Core", "Source\Engine\Core\Core.vcxproj", "{2E09A753-3084-4C98-A6B2-EAB18911A2F7}"
EndProject
Project("{8BC9CEB8-8B4A-11D0-8D11-00A0C91BC942}") = "Framework", "Source\Engine\Framework\Framework.vcxproj", "{28802AE1-6392-4CFE-972F-38053E0D6410}"
EndProject
Project("{8BC9CEB8-8B4A-11D0-8D11-00A0C91BC942}") = "Input", "Source\Engine\Input\Input.vcxproj", "{6A3DABA7-B711-4611-A110-4039E2D23196}"
EndProject
Project("{8BC9CEB8-8B4A-11D0-8D11-00A0C91BC942}") = "Renderer", "Source\Engine\Renderer\Renderer.vcxproj", "{E8F29194-F52B-4841-89A6-163B65AAF207}"
EndProject
Project("{8BC9CEB8-8B4A-11D0-8D11-00A0C91BC942}") = "Game", "Source\Game\Game\Game.vcxproj", "{263A328F-E0A4-428A-BB57-8EFDE6EE00B0}"
EndProject
Project("{8BC9CEB8-8B4A-11D0-8D11-00A0C91BC942}") = "Physics", "Physics\Physics.vcxproj", "{E33A5C0D-F4D9-4311-A487-E45822998C58}"
EndProject
Project("{8BC9CEB8-8B4A-11D0-8D11-00A0C91BC942}") = "PlatformGame", "Source\Game\PlatformGame\PlatformGame.vcxproj", "{B05D5F84-8DC3-46A8-AB85-CB476EBEA1AA}"
EndProject
Global
	GlobalSection(SolutionConfigurationPlatforms) = preSolution
		Debug|x64 = Debug|x64
		Debug|x86 = Debug|x86
		Release|x64 = Release|x64
		Release|x86 = Release|x86
	EndGlobalSection
	GlobalSection(ProjectConfigurationPlatforms) = postSolution
		{6EC2E46D-3735-4F80-8E93-85A9E6B8B222}.Debug|x64.ActiveCfg = Debug|x64
		{6EC2E46D-3735-4F80-8E93-85A9E6B8B222}.Debug|x64.Build.0 = Debug|x64
		{6EC2E46D-3735-4F80-8E93-85A9E6B8B222}.Debug|x86.ActiveCfg = Debug|Win32
		{6EC2E46D-3735-4F80-8E93-85A9E6B8B222}.Debug|x86.Build.0 = Debug|Win32
		{6EC2E46D-3735-4F80-8E93-85A9E6B8B222}.Release|x64.ActiveCfg = Release|x64
		{6EC2E46D-3735-4F80-8E93-85A9E6B8B222}.Release|x64.Build.0 = Release|x64
		{6EC2E46D-3735-4F80-8E93-85A9E6B8B222}.Release|x86.ActiveCfg = Release|Win32
		{6EC2E46D-3735-4F80-8E93-85A9E6B8B222}.Release|x86.Build.0 = Release|Win32
		{2E09A753-3084-4C98-A6B2-EAB18911A2F7}.Debug|x64.ActiveCfg = Debug|x64
		{2E09A753-3084-4C98-A6B2-EAB18911A2F7}.Debug|x64.Build.0 = Debug|x64
		{2E09A753-3084-4C98-A6B2-EAB18911A2F7}.Debug|x86.ActiveCfg = Debug|Win32
		{2E09A753-3084-4C98-A6B2-EAB18911A2F7}.Debug|x86.Build.0 = Debug|Win32
		{2E09A753-3084-4C98-A6B2-EAB18911A2F7}.Release|x64.ActiveCfg = Release|x64
		{2E09A753-3084-4C98-A6B2-EAB18911A2F7}.Release|x64.Build.0 = Release|x64
		{2E09A753-3084-4C98-A6B2-EAB18911A2F7}.Release|x86.ActiveCfg = Release|Win32
		{2E09A753-3084-4C98-A6B2-EAB18911A2F7}.Release|x86.Build.0 = Release|Win32
		{28802AE1-6392-4CFE-972F-38053E0D6410}.Debug|x64.ActiveCfg = Debug|x64
		{28802AE1-6392-4CFE-972F-38053E0D6410}.Debug|x64.Build.0 = Debug|x64
		{28802AE1-6392-4CFE-972F-38053E0D6410}.Debug|x86.ActiveCfg = Debug|Win32
		{28802AE1-6392-4CFE-972F-38053E0D6410}.Debug|x86.Build.0 = Debug|Win32
		{28802AE1-6392-4CFE-972F-38053E0D6410}.Release|x64.ActiveCfg = Release|x64
		{28802AE1-6392-4CFE-972F-38053E0D6410}.Release|x64.Build.0 = Release|x64
		{28802AE1-6392-4CFE-972F-38053E0D6410}.Release|x86.ActiveCfg = Release|Win32
		{28802AE1-6392-4CFE-972F-38053E0D6410}.Release|x86.Build.0 = Release|Win32
		{6A3DABA7-B711-4611-A110-4039E2D23196}.Debug|x64.ActiveCfg = Debug|x64
		{6A3DABA7-B711-4611-A110-4039E2D23196}.Debug|x64.Build.0 = Debug|x64
		{6A3DABA7-B711-4611-A110-4039E2D23196}.Debug|x86.ActiveCfg = Debug|Win32
		{6A3DABA7-B711-4611-A110-4039E2D23196}.Debug|x86.Build.0 = Debug|Win32
		{6A3DABA7-B711-4611-A110-4039E2D23196}.Release|x64.ActiveCfg = Release|x64
		{6A3DABA7-B711-4611-A110-4039E2D23196}.Release|x64.Build.0 = Release|x64
		{6A3DABA7-B711-4611-A110-4039E2D23196}.Release|x86.ActiveCfg = Release|Win32
		{6A3DABA7-B711-4611-A110-4039E2D23196}.Release|x86.Build.0 = Release|Win32
		{E8F29194-F52B-4841-89A6-163B65AAF207}.Debug|x64.ActiveCfg = Debug|x64
		{E8F29194-F52B-4841-89A6-163B65AAF207}.Debug|x64.Build.0 = Debug|x64
		{E8F29194-F52B-4841-89A6-163B65AAF207}.Debug|x86.ActiveCfg = Debug|Win32
		{E8F29194-F52B-4841-89A6-163B65AAF207}.Debug|x86.Build.0 = Debug|Win32
		{E8F29194-F52B-4841-89A6-163B65AAF207}.Release|x64.ActiveCfg = Release|x64
		{E8F29194-F52B-4841-89A6-163B65AAF207}.Release|x64.Build.0 = Release|x64
		{E8F29194-F52B-4841-89A6-163B65AAF207}.Release|x86.ActiveCfg = Release|Win32
		{E8F29194-F52B-4841-89A6-163B65AAF207}.Release|x86.Build.0 = Release|Win32
		{263A328F-E0A4-428A-BB57-8EFDE6EE00B0}.Debug|x64.ActiveCfg = Debug|x64
		{263A328F-E0A4-428A-BB57-8EFDE6EE00B0}.Debug|x64.Build.0 = Debug|x64
		{263A328F-E0A4-428A-BB57-8EFDE6EE00B0}.Debug|x86.ActiveCfg = Debug|Win32
		{263A328F-E0A4-428A-BB57-8EFDE6EE00B0}.Debug|x86.Build.0 = Debug|Win32
		{263A328F-E0A4-428A-BB57-8EFDE6EE00B0}.Release|x64.ActiveCfg = Release|x64
		{263A328F-E0A4-428A-BB57-8EFDE6EE00B0}.Release|x64.Build.0 = Release|x64
		{263A328F-E0A4-428A-BB57-8EFDE6EE00B0}.Release|x86.ActiveCfg = Release|Win32
		{263A328F-E0A4-428A-BB57-8EFDE6EE00B0}.Release|x86.Build.0 = Release|Win32
		{E33A5C0D-F4D9-4311-A487-E45822998C58}.Debug|x64.ActiveCfg = Debug|x64
		{E33A5C0D-F4D9-4311-A487-E45822998C58}.Debug|x64.Build.0 = Debug|x64
		{E33A5C0D-F4D9-4311-A487-E45822998C58}.Debug|x86.ActiveCfg = Debug|Win32
		{E33A5C0D-F4D9-4311-A487-E45822998C58}.Debug|x86.Build.0 = Debug|Win32
		{E33A5C0D-F4D9-4311-A487-E45822998C58}.Release|x64.ActiveCfg = Release|x64
		{E33A5C0D-F4D9-4311-A487-E45822998C58}.Release|x64.Build.0 = Release|x64
		{E33A5C0D-F4D9-4311-A487-E45822998C58}.Release|x86.ActiveCfg = Release|Win32
		{E33A5C0D-F4D9-4311-A487-E45822998C58}.Release|x86.Build.0 = Release|Win32
		{B05D5F84-8DC3-46A8-AB85-CB476EBEA1AA}.Debug|x64.ActiveCfg = Debug|x64
		{B05D5F84-8DC3-46A8-AB85-CB476EBEA1AA}.Debug|x64.Build.0 = Debug|x64
		{B05D5F84-8DC3-46A8-AB85-CB476EBEA1AA}.Debug|x86.ActiveCfg = Debug|Win32
		{B05D5F84-8DC3-46A8-AB85-CB476EBEA1AA}.Debug|x86.Build.0 = Debug|Win32
		{B05D5F84-8DC3-46A8-AB85-CB476EBEA1AA}.Release|x64.ActiveCfg = Release|x64
		{B05D5F84-8DC3-46A8-AB85-CB476EBEA1AA}.Release|x64.Build.0 = Release|x64
		{B05D5F84-8DC3-46A8-AB85-CB476EBEA1AA}.Release|x86.ActiveCfg = Release|Win32
		{B05D5F84-8DC3-46A8-AB85-CB476EBEA1AA}.Release|x86.Build.0 = Release|Win32
	EndGlobalSection
	GlobalSection(SolutionProperties) = preSolution
		HideSolutionNode = FALSE
	EndGlobalSection
	GlobalSection(NestedProjects) = preSolution
		{6EC2E46D-3735-4F80-8E93-85A9E6B8B222} = {A88F3624-5A56-427A-9782-47DDFAFAF67A}
		{2E09A753-3084-4C98-A6B2-EAB18911A2F7} = {A88F3624-5A56-427A-9782-47DDFAFAF67A}
		{28802AE1-6392-4CFE-972F-38053E0D6410} = {A88F3624-5A56-427A-9782-47DDFAFAF67A}
		{6A3DABA7-B711-4611-A110-4039E2D23196} = {A88F3624-5A56-427A-9782-47DDFAFAF67A}
		{E8F29194-F52B-4841-89A6-163B65AAF207} = {A88F3624-5A56-427A-9782-47DDFAFAF67A}
		{263A328F-E0A4-428A-BB57-8EFDE6EE00B0} = {4946A528-9B96-406D-86D6-FFB08CD2497A}
		{E33A5C0D-F4D9-4311-A487-E45822998C58} = {A88F3624-5A56-427A-9782-47DDFAFAF67A}
		{B05D5F84-8DC3-46A8-AB85-CB476EBEA1AA} = {4946A528-9B96-406D-86D6-FFB08CD2497A}
	EndGlobalSection
	GlobalSection(ExtensibilityGlobals) = postSolution
		SolutionGuid = {39ABBCBD-656C-4C2E-ACEE-83F88FE2CDC9}
	EndGlobalSection
EndGlobal
